// !$*UTF8*$!
{
	archiveVersion = 1;
	classes = {
	};
	objectVersion = 55;
	objects = {

/* Begin PBXBuildFile section */
		7B5009A729E84C4700D5EB22 /* AppDelegate.swift in Sources */ = {isa = PBXBuildFile; fileRef = 7B5009A629E84C4700D5EB22 /* AppDelegate.swift */; };
		7B5009A929E84C4700D5EB22 /* SceneDelegate.swift in Sources */ = {isa = PBXBuildFile; fileRef = 7B5009A829E84C4700D5EB22 /* SceneDelegate.swift */; };
		7B5009AB29E84C4700D5EB22 /* ViewController.swift in Sources */ = {isa = PBXBuildFile; fileRef = 7B5009AA29E84C4700D5EB22 /* ViewController.swift */; };
		7B5009AE29E84C4700D5EB22 /* Main.storyboard in Resources */ = {isa = PBXBuildFile; fileRef = 7B5009AC29E84C4700D5EB22 /* Main.storyboard */; };
		7B5009B029E84C4900D5EB22 /* Assets.xcassets in Resources */ = {isa = PBXBuildFile; fileRef = 7B5009AF29E84C4900D5EB22 /* Assets.xcassets */; };
		7B5009B329E84C4900D5EB22 /* LaunchScreen.storyboard in Resources */ = {isa = PBXBuildFile; fileRef = 7B5009B129E84C4900D5EB22 /* LaunchScreen.storyboard */; };
		7B5009BE29E84C4900D5EB22 /* TableViewDemoTests.swift in Sources */ = {isa = PBXBuildFile; fileRef = 7B5009BD29E84C4900D5EB22 /* TableViewDemoTests.swift */; };
		7B5009C829E84C4900D5EB22 /* TableViewDemoUITests.swift in Sources */ = {isa = PBXBuildFile; fileRef = 7B5009C729E84C4900D5EB22 /* TableViewDemoUITests.swift */; };
		7B5009CA29E84C4900D5EB22 /* TableViewDemoUITestsLaunchTests.swift in Sources */ = {isa = PBXBuildFile; fileRef = 7B5009C929E84C4900D5EB22 /* TableViewDemoUITestsLaunchTests.swift */; };
		7B5009D729E84E8300D5EB22 /* ResultViewController.swift in Sources */ = {isa = PBXBuildFile; fileRef = 7B5009D629E84E8300D5EB22 /* ResultViewController.swift */; };
/* End PBXBuildFile section */

/* Begin PBXContainerItemProxy section */
		7B5009BA29E84C4900D5EB22 /* PBXContainerItemProxy */ = {
			isa = PBXContainerItemProxy;
			containerPortal = 7B50099B29E84C4700D5EB22 /* Project object */;
			proxyType = 1;
			remoteGlobalIDString = 7B5009A229E84C4700D5EB22;
			remoteInfo = TableViewDemo;
		};
		7B5009C429E84C4900D5EB22 /* PBXContainerItemProxy */ = {
			isa = PBXContainerItemProxy;
			containerPortal = 7B50099B29E84C4700D5EB22 /* Project object */;
			proxyType = 1;
			remoteGlobalIDString = 7B5009A229E84C4700D5EB22;
			remoteInfo = TableViewDemo;
		};
/* End PBXContainerItemProxy section */

/* Begin PBXFileReference section */
		7B5009A329E84C4700D5EB22 /* TableViewDemo.app */ = {isa = PBXFileReference; explicitFileType = wrapper.application; includeInIndex = 0; path = TableViewDemo.app; sourceTree = BUILT_PRODUCTS_DIR; };
		7B5009A629E84C4700D5EB22 /* AppDelegate.swift */ = {isa = PBXFileReference; lastKnownFileType = sourcecode.swift; path = AppDelegate.swift; sourceTree = "<group>"; };
		7B5009A829E84C4700D5EB22 /* SceneDelegate.swift */ = {isa = PBXFileReference; lastKnownFileType = sourcecode.swift; path = SceneDelegate.swift; sourceTree = "<group>"; };
		7B5009AA29E84C4700D5EB22 /* ViewController.swift */ = {isa = PBXFileReference; lastKnownFileType = sourcecode.swift; path = ViewController.swift; sourceTree = "<group>"; };
		7B5009AD29E84C4700D5EB22 /* Base */ = {isa = PBXFileReference; lastKnownFileType = file.storyboard; name = Base; path = Base.lproj/Main.storyboard; sourceTree = "<group>"; };
		7B5009AF29E84C4900D5EB22 /* Assets.xcassets */ = {isa = PBXFileReference; lastKnownFileType = folder.assetcatalog; path = Assets.xcassets; sourceTree = "<group>"; };
		7B5009B229E84C4900D5EB22 /* Base */ = {isa = PBXFileReference; lastKnownFileType = file.storyboard; name = Base; path = Base.lproj/LaunchScreen.storyboard; sourceTree = "<group>"; };
		7B5009B429E84C4900D5EB22 /* Info.plist */ = {isa = PBXFileReference; lastKnownFileType = text.plist.xml; path = Info.plist; sourceTree = "<group>"; };
		7B5009B929E84C4900D5EB22 /* TableViewDemoTests.xctest */ = {isa = PBXFileReference; explicitFileType = wrapper.cfbundle; includeInIndex = 0; path = TableViewDemoTests.xctest; sourceTree = BUILT_PRODUCTS_DIR; };
		7B5009BD29E84C4900D5EB22 /* TableViewDemoTests.swift */ = {isa = PBXFileReference; lastKnownFileType = sourcecode.swift; path = TableViewDemoTests.swift; sourceTree = "<group>"; };
		7B5009C329E84C4900D5EB22 /* TableViewDemoUITests.xctest */ = {isa = PBXFileReference; explicitFileType = wrapper.cfbundle; includeInIndex = 0; path = TableViewDemoUITests.xctest; sourceTree = BUILT_PRODUCTS_DIR; };
		7B5009C729E84C4900D5EB22 /* TableViewDemoUITests.swift */ = {isa = PBXFileReference; lastKnownFileType = sourcecode.swift; path = TableViewDemoUITests.swift; sourceTree = "<group>"; };
		7B5009C929E84C4900D5EB22 /* TableViewDemoUITestsLaunchTests.swift */ = {isa = PBXFileReference; lastKnownFileType = sourcecode.swift; path = TableViewDemoUITestsLaunchTests.swift; sourceTree = "<group>"; };
		7B5009D629E84E8300D5EB22 /* ResultViewController.swift */ = {isa = PBXFileReference; lastKnownFileType = sourcecode.swift; path = ResultViewController.swift; sourceTree = "<group>"; };
/* End PBXFileReference section */

/* Begin PBXFrameworksBuildPhase section */
		7B5009A029E84C4700D5EB22 /* Frameworks */ = {
			isa = PBXFrameworksBuildPhase;
			buildActionMask = 2147483647;
			files = (
			);
			runOnlyForDeploymentPostprocessing = 0;
		};
		7B5009B629E84C4900D5EB22 /* Frameworks */ = {
			isa = PBXFrameworksBuildPhase;
			buildActionMask = 2147483647;
			files = (
			);
			runOnlyForDeploymentPostprocessing = 0;
		};
		7B5009C029E84C4900D5EB22 /* Frameworks */ = {
			isa = PBXFrameworksBuildPhase;
			buildActionMask = 2147483647;
			files = (
			);
			runOnlyForDeploymentPostprocessing = 0;
		};
/* End PBXFrameworksBuildPhase section */

/* Begin PBXGroup section */
		7B50099A29E84C4700D5EB22 = {
			isa = PBXGroup;
			children = (
				7B5009A529E84C4700D5EB22 /* TableViewDemo */,
				7B5009BC29E84C4900D5EB22 /* TableViewDemoTests */,
				7B5009C629E84C4900D5EB22 /* TableViewDemoUITests */,
				7B5009A429E84C4700D5EB22 /* Products */,
			);
			sourceTree = "<group>";
		};
		7B5009A429E84C4700D5EB22 /* Products */ = {
			isa = PBXGroup;
			children = (
				7B5009A329E84C4700D5EB22 /* TableViewDemo.app */,
				7B5009B929E84C4900D5EB22 /* TableViewDemoTests.xctest */,
				7B5009C329E84C4900D5EB22 /* TableViewDemoUITests.xctest */,
			);
			name = Products;
			sourceTree = "<group>";
		};
		7B5009A529E84C4700D5EB22 /* TableViewDemo */ = {
			isa = PBXGroup;
			children = (
				7B5009A629E84C4700D5EB22 /* AppDelegate.swift */,
				7B5009A829E84C4700D5EB22 /* SceneDelegate.swift */,
				7B5009AA29E84C4700D5EB22 /* ViewController.swift */,
				7B5009AC29E84C4700D5EB22 /* Main.storyboard */,
				7B5009AF29E84C4900D5EB22 /* Assets.xcassets */,
				7B5009B129E84C4900D5EB22 /* LaunchScreen.storyboard */,
				7B5009B429E84C4900D5EB22 /* Info.plist */,
				7B5009D629E84E8300D5EB22 /* ResultViewController.swift */,
			);
			path = TableViewDemo;
			sourceTree = "<group>";
		};
		7B5009BC29E84C4900D5EB22 /* TableViewDemoTests */ = {
			isa = PBXGroup;
			children = (
				7B5009BD29E84C4900D5EB22 /* TableViewDemoTests.swift */,
			);
			path = TableViewDemoTests;
			sourceTree = "<group>";
		};
		7B5009C629E84C4900D5EB22 /* TableViewDemoUITests */ = {
			isa = PBXGroup;
			children = (
				7B5009C729E84C4900D5EB22 /* TableViewDemoUITests.swift */,
				7B5009C929E84C4900D5EB22 /* TableViewDemoUITestsLaunchTests.swift */,
			);
			path = TableViewDemoUITests;
			sourceTree = "<group>";
		};
/* End PBXGroup section */

/* Begin PBXNativeTarget section */
		7B5009A229E84C4700D5EB22 /* TableViewDemo */ = {
			isa = PBXNativeTarget;
			buildConfigurationList = 7B5009CD29E84C4900D5EB22 /* Build configuration list for PBXNativeTarget "TableViewDemo" */;
			buildPhases = (
				7B50099F29E84C4700D5EB22 /* Sources */,
				7B5009A029E84C4700D5EB22 /* Frameworks */,
				7B5009A129E84C4700D5EB22 /* Resources */,
			);
			buildRules = (
			);
			dependencies = (
			);
			name = TableViewDemo;
			productName = TableViewDemo;
			productReference = 7B5009A329E84C4700D5EB22 /* TableViewDemo.app */;
			productType = "com.apple.product-type.application";
		};
		7B5009B829E84C4900D5EB22 /* TableViewDemoTests */ = {
			isa = PBXNativeTarget;
			buildConfigurationList = 7B5009D029E84C4900D5EB22 /* Build configuration list for PBXNativeTarget "TableViewDemoTests" */;
			buildPhases = (
				7B5009B529E84C4900D5EB22 /* Sources */,
				7B5009B629E84C4900D5EB22 /* Frameworks */,
				7B5009B729E84C4900D5EB22 /* Resources */,
			);
			buildRules = (
			);
			dependencies = (
				7B5009BB29E84C4900D5EB22 /* PBXTargetDependency */,
			);
			name = TableViewDemoTests;
			productName = TableViewDemoTests;
			productReference = 7B5009B929E84C4900D5EB22 /* TableViewDemoTests.xctest */;
			productType = "com.apple.product-type.bundle.unit-test";
		};
		7B5009C229E84C4900D5EB22 /* TableViewDemoUITests */ = {
			isa = PBXNativeTarget;
			buildConfigurationList = 7B5009D329E84C4900D5EB22 /* Build configuration list for PBXNativeTarget "TableViewDemoUITests" */;
			buildPhases = (
				7B5009BF29E84C4900D5EB22 /* Sources */,
				7B5009C029E84C4900D5EB22 /* Frameworks */,
				7B5009C129E84C4900D5EB22 /* Resources */,
			);
			buildRules = (
			);
			dependencies = (
				7B5009C529E84C4900D5EB22 /* PBXTargetDependency */,
			);
			name = TableViewDemoUITests;
			productName = TableViewDemoUITests;
			productReference = 7B5009C329E84C4900D5EB22 /* TableViewDemoUITests.xctest */;
			productType = "com.apple.product-type.bundle.ui-testing";
		};
/* End PBXNativeTarget section */

/* Begin PBXProject section */
		7B50099B29E84C4700D5EB22 /* Project object */ = {
			isa = PBXProject;
			attributes = {
				BuildIndependentTargetsInParallel = 1;
				LastSwiftUpdateCheck = 1340;
				LastUpgradeCheck = 1340;
				TargetAttributes = {
					7B5009A229E84C4700D5EB22 = {
						CreatedOnToolsVersion = 13.4.1;
					};
					7B5009B829E84C4900D5EB22 = {
						CreatedOnToolsVersion = 13.4.1;
						TestTargetID = 7B5009A229E84C4700D5EB22;
					};
					7B5009C229E84C4900D5EB22 = {
						CreatedOnToolsVersion = 13.4.1;
						TestTargetID = 7B5009A229E84C4700D5EB22;
					};
				};
			};
			buildConfigurationList = 7B50099E29E84C4700D5EB22 /* Build configuration list for PBXProject "TableViewDemo" */;
			compatibilityVersion = "Xcode 13.0";
			developmentRegion = en;
			hasScannedForEncodings = 0;
			knownRegions = (
				en,
				Base,
			);
			mainGroup = 7B50099A29E84C4700D5EB22;
			productRefGroup = 7B5009A429E84C4700D5EB22 /* Products */;
			projectDirPath = "";
			projectRoot = "";
			targets = (
				7B5009A229E84C4700D5EB22 /* TableViewDemo */,
				7B5009B829E84C4900D5EB22 /* TableViewDemoTests */,
				7B5009C229E84C4900D5EB22 /* TableViewDemoUITests */,
			);
		};
/* End PBXProject section */

/* Begin PBXResourcesBuildPhase section */
		7B5009A129E84C4700D5EB22 /* Resources */ = {
			isa = PBXResourcesBuildPhase;
			buildActionMask = 2147483647;
			files = (
				7B5009B329E84C4900D5EB22 /* LaunchScreen.storyboard in Resources */,
				7B5009B029E84C4900D5EB22 /* Assets.xcassets in Resources */,
				7B5009AE29E84C4700D5EB22 /* Main.storyboard in Resources */,
			);
			runOnlyForDeploymentPostprocessing = 0;
		};
		7B5009B729E84C4900D5EB22 /* Resources */ = {
			isa = PBXResourcesBuildPhase;
			buildActionMask = 2147483647;
			files = (
			);
			runOnlyForDeploymentPostprocessing = 0;
		};
		7B5009C129E84C4900D5EB22 /* Resources */ = {
			isa = PBXResourcesBuildPhase;
			buildActionMask = 2147483647;
			files = (
			);
			runOnlyForDeploymentPostprocessing = 0;
		};
/* End PBXResourcesBuildPhase section */

/* Begin PBXSourcesBuildPhase section */
		7B50099F29E84C4700D5EB22 /* Sources */ = {
			isa = PBXSourcesBuildPhase;
			buildActionMask = 2147483647;
			files = (
				7B5009AB29E84C4700D5EB22 /* ViewController.swift in Sources */,
				7B5009A729E84C4700D5EB22 /* AppDelegate.swift in Sources */,
				7B5009A929E84C4700D5EB22 /* SceneDelegate.swift in Sources */,
				7B5009D729E84E8300D5EB22 /* ResultViewController.swift in Sources */,
			);
			runOnlyForDeploymentPostprocessing = 0;
		};
		7B5009B529E84C4900D5EB22 /* Sources */ = {
			isa = PBXSourcesBuildPhase;
			buildActionMask = 2147483647;
			files = (
				7B5009BE29E84C4900D5EB22 /* TableViewDemoTests.swift in Sources */,
			);
			runOnlyForDeploymentPostprocessing = 0;
		};
		7B5009BF29E84C4900D5EB22 /* Sources */ = {
			isa = PBXSourcesBuildPhase;
			buildActionMask = 2147483647;
			files = (
				7B5009C829E84C4900D5EB22 /* TableViewDemoUITests.swift in Sources */,
				7B5009CA29E84C4900D5EB22 /* TableViewDemoUITestsLaunchTests.swift in Sources */,
			);
			runOnlyForDeploymentPostprocessing = 0;
		};
/* End PBXSourcesBuildPhase section */

/* Begin PBXTargetDependency section */
		7B5009BB29E84C4900D5EB22 /* PBXTargetDependency */ = {
			isa = PBXTargetDependency;
			target = 7B5009A229E84C4700D5EB22 /* TableViewDemo */;
			targetProxy = 7B5009BA29E84C4900D5EB22 /* PBXContainerItemProxy */;
		};
		7B5009C529E84C4900D5EB22 /* PBXTargetDependency */ = {
			isa = PBXTargetDependency;
			target = 7B5009A229E84C4700D5EB22 /* TableViewDemo */;
			targetProxy = 7B5009C429E84C4900D5EB22 /* PBXContainerItemProxy */;
		};
/* End PBXTargetDependency section */

/* Begin PBXVariantGroup section */
		7B5009AC29E84C4700D5EB22 /* Main.storyboard */ = {
			isa = PBXVariantGroup;
			children = (
				7B5009AD29E84C4700D5EB22 /* Base */,
			);
			name = Main.storyboard;
			sourceTree = "<group>";
		};
		7B5009B129E84C4900D5EB22 /* LaunchScreen.storyboard */ = {
			isa = PBXVariantGroup;
			children = (
				7B5009B229E84C4900D5EB22 /* Base */,
			);
			name = LaunchScreen.storyboard;
			sourceTree = "<group>";
		};
/* End PBXVariantGroup section */

/* Begin XCBuildConfiguration section */
		7B5009CB29E84C4900D5EB22 /* Debug */ = {
			isa = XCBuildConfiguration;
			buildSettings = {
				ALWAYS_SEARCH_USER_PATHS = NO;
				CLANG_ANALYZER_NONNULL = YES;
				CLANG_ANALYZER_NUMBER_OBJECT_CONVERSION = YES_AGGRESSIVE;
				CLANG_CXX_LANGUAGE_STANDARD = "gnu++17";
				CLANG_ENABLE_MODULES = YES;
				CLANG_ENABLE_OBJC_ARC = YES;
				CLANG_ENABLE_OBJC_WEAK = YES;
				CLANG_WARN_BLOCK_CAPTURE_AUTORELEASING = YES;
				CLANG_WARN_BOOL_CONVERSION = YES;
				CLANG_WARN_COMMA = YES;
				CLANG_WARN_CONSTANT_CONVERSION = YES;
				CLANG_WARN_DEPRECATED_OBJC_IMPLEMENTATIONS = YES;
				CLANG_WARN_DIRECT_OBJC_ISA_USAGE = YES_ERROR;
				CLANG_WARN_DOCUMENTATION_COMMENTS = YES;
				CLANG_WARN_EMPTY_BODY = YES;
				CLANG_WARN_ENUM_CONVERSION = YES;
				CLANG_WARN_INFINITE_RECURSION = YES;
				CLANG_WARN_INT_CONVERSION = YES;
				CLANG_WARN_NON_LITERAL_NULL_CONVERSION = YES;
				CLANG_WARN_OBJC_IMPLICIT_RETAIN_SELF = YES;
				CLANG_WARN_OBJC_LITERAL_CONVERSION = YES;
				CLANG_WARN_OBJC_ROOT_CLASS = YES_ERROR;
				CLANG_WARN_QUOTED_INCLUDE_IN_FRAMEWORK_HEADER = YES;
				CLANG_WARN_RANGE_LOOP_ANALYSIS = YES;
				CLANG_WARN_STRICT_PROTOTYPES = YES;
				CLANG_WARN_SUSPICIOUS_MOVE = YES;
				CLANG_WARN_UNGUARDED_AVAILABILITY = YES_AGGRESSIVE;
				CLANG_WARN_UNREACHABLE_CODE = YES;
				CLANG_WARN__DUPLICATE_METHOD_MATCH = YES;
				COPY_PHASE_STRIP = NO;
				DEBUG_INFORMATION_FORMAT = dwarf;
				ENABLE_STRICT_OBJC_MSGSEND = YES;
				ENABLE_TESTABILITY = YES;
				GCC_C_LANGUAGE_STANDARD = gnu11;
				GCC_DYNAMIC_NO_PIC = NO;
				GCC_NO_COMMON_BLOCKS = YES;
				GCC_OPTIMIZATION_LEVEL = 0;
				GCC_PREPROCESSOR_DEFINITIONS = (
					"DEBUG=1",
					"$(inherited)",
				);
				GCC_WARN_64_TO_32_BIT_CONVERSION = YES;
				GCC_WARN_ABOUT_RETURN_TYPE = YES_ERROR;
				GCC_WARN_UNDECLARED_SELECTOR = YES;
				GCC_WARN_UNINITIALIZED_AUTOS = YES_AGGRESSIVE;
				GCC_WARN_UNUSED_FUNCTION = YES;
				GCC_WARN_UNUSED_VARIABLE = YES;
				IPHONEOS_DEPLOYMENT_TARGET = 15.5;
				MTL_ENABLE_DEBUG_INFO = INCLUDE_SOURCE;
				MTL_FAST_MATH = YES;
				ONLY_ACTIVE_ARCH = YES;
				SDKROOT = iphoneos;
				SWIFT_ACTIVE_COMPILATION_CONDITIONS = DEBUG;
				SWIFT_OPTIMIZATION_LEVEL = "-Onone";
			};
			name = Debug;
		};
		7B5009CC29E84C4900D5EB22 /* Release */ = {
			isa = XCBuildConfiguration;
			buildSettings = {
				ALWAYS_SEARCH_USER_PATHS = NO;
				CLANG_ANALYZER_NONNULL = YES;
				CLANG_ANALYZER_NUMBER_OBJECT_CONVERSION = YES_AGGRESSIVE;
				CLANG_CXX_LANGUAGE_STANDARD = "gnu++17";
				CLANG_ENABLE_MODULES = YES;
				CLANG_ENABLE_OBJC_ARC = YES;
				CLANG_ENABLE_OBJC_WEAK = YES;
				CLANG_WARN_BLOCK_CAPTURE_AUTORELEASING = YES;
				CLANG_WARN_BOOL_CONVERSION = YES;
				CLANG_WARN_COMMA = YES;
				CLANG_WARN_CONSTANT_CONVERSION = YES;
				CLANG_WARN_DEPRECATED_OBJC_IMPLEMENTATIONS = YES;
				CLANG_WARN_DIRECT_OBJC_ISA_USAGE = YES_ERROR;
				CLANG_WARN_DOCUMENTATION_COMMENTS = YES;
				CLANG_WARN_EMPTY_BODY = YES;
				CLANG_WARN_ENUM_CONVERSION = YES;
				CLANG_WARN_INFINITE_RECURSION = YES;
				CLANG_WARN_INT_CONVERSION = YES;
				CLANG_WARN_NON_LITERAL_NULL_CONVERSION = YES;
				CLANG_WARN_OBJC_IMPLICIT_RETAIN_SELF = YES;
				CLANG_WARN_OBJC_LITERAL_CONVERSION = YES;
				CLANG_WARN_OBJC_ROOT_CLASS = YES_ERROR;
				CLANG_WARN_QUOTED_INCLUDE_IN_FRAMEWORK_HEADER = YES;
				CLANG_WARN_RANGE_LOOP_ANALYSIS = YES;
				CLANG_WARN_STRICT_PROTOTYPES = YES;
				CLANG_WARN_SUSPICIOUS_MOVE = YES;
				CLANG_WARN_UNGUARDED_AVAILABILITY = YES_AGGRESSIVE;
				CLANG_WARN_UNREACHABLE_CODE = YES;
				CLANG_WARN__DUPLICATE_METHOD_MATCH = YES;
				COPY_PHASE_STRIP = NO;
				DEBUG_INFORMATION_FORMAT = "dwarf-with-dsym";
				ENABLE_NS_ASSERTIONS = NO;
				ENABLE_STRICT_OBJC_MSGSEND = YES;
				GCC_C_LANGUAGE_STANDARD = gnu11;
				GCC_NO_COMMON_BLOCKS = YES;
				GCC_WARN_64_TO_32_BIT_CONVERSION = YES;
				GCC_WARN_ABOUT_RETURN_TYPE = YES_ERROR;
				GCC_WARN_UNDECLARED_SELECTOR = YES;
				GCC_WARN_UNINITIALIZED_AUTOS = YES_AGGRESSIVE;
				GCC_WARN_UNUSED_FUNCTION = YES;
				GCC_WARN_UNUSED_VARIABLE = YES;
				IPHONEOS_DEPLOYMENT_TARGET = 15.5;
				MTL_ENABLE_DEBUG_INFO = NO;
				MTL_FAST_MATH = YES;
				SDKROOT = iphoneos;
				SWIFT_COMPILATION_MODE = wholemodule;
				SWIFT_OPTIMIZATION_LEVEL = "-O";
				VALIDATE_PRODUCT = YES;
			};
			name = Release;
		};
		7B5009CE29E84C4900D5EB22 /* Debug */ = {
			isa = XCBuildConfiguration;
			buildSettings = {
				ASSETCATALOG_COMPILER_APPICON_NAME = AppIcon;
				ASSETCATALOG_COMPILER_GLOBAL_ACCENT_COLOR_NAME = AccentColor;
				CODE_SIGN_STYLE = Automatic;
				CURRENT_PROJECT_VERSION = 1;
				GENERATE_INFOPLIST_FILE = YES;
				INFOPLIST_FILE = TableViewDemo/Info.plist;
				INFOPLIST_KEY_UIApplicationSupportsIndirectInputEvents = YES;
				INFOPLIST_KEY_UILaunchStoryboardName = LaunchScreen;
				INFOPLIST_KEY_UIMainStoryboardFile = Main;
				INFOPLIST_KEY_UISupportedInterfaceOrientations_iPad = "UIInterfaceOrientationPortrait UIInterfaceOrientationPortraitUpsideDown UIInterfaceOrientationLandscapeLeft UIInterfaceOrientationLandscapeRight";
				INFOPLIST_KEY_UISupportedInterfaceOrientations_iPhone = "UIInterfaceOrientationPortrait UIInterfaceOrientationLandscapeLeft UIInterfaceOrientationLandscapeRight";
				LD_RUNPATH_SEARCH_PATHS = (
					"$(inherited)",
					"@executable_path/Frameworks",
				);
				MARKETING_VERSION = 1.0;
				PRODUCT_BUNDLE_IDENTIFIER = nwmissouri.edu.TableViewDemo;
				PRODUCT_NAME = "$(TARGET_NAME)";
				SWIFT_EMIT_LOC_STRINGS = YES;
				SWIFT_VERSION = 5.0;
				TARGETED_DEVICE_FAMILY = "1,2";
			};
			name = Debug;
		};
		7B5009CF29E84C4900D5EB22 /* Release */ = {
			isa = XCBuildConfiguration;
			buildSettings = {
				ASSETCATALOG_COMPILER_APPICON_NAME = AppIcon;
				ASSETCATALOG_COMPILER_GLOBAL_ACCENT_COLOR_NAME = AccentColor;
				CODE_SIGN_STYLE = Automatic;
				CURRENT_PROJECT_VERSION = 1;
				GENERATE_INFOPLIST_FILE = YES;
				INFOPLIST_FILE = TableViewDemo/Info.plist;
				INFOPLIST_KEY_UIApplicationSupportsIndirectInputEvents = YES;
				INFOPLIST_KEY_UILaunchStoryboardName = LaunchScreen;
				INFOPLIST_KEY_UIMainStoryboardFile = Main;
				INFOPLIST_KEY_UISupportedInterfaceOrientations_iPad = "UIInterfaceOrientationPortrait UIInterfaceOrientationPortraitUpsideDown UIInterfaceOrientationLandscapeLeft UIInterfaceOrientationLandscapeRight";
				INFOPLIST_KEY_UISupportedInterfaceOrientations_iPhone = "UIInterfaceOrientationPortrait UIInterfaceOrientationLandscapeLeft UIInterfaceOrientationLandscapeRight";
				LD_RUNPATH_SEARCH_PATHS = (
					"$(inherited)",
					"@executable_path/Frameworks",
				);
				MARKETING_VERSION = 1.0;
				PRODUCT_BUNDLE_IDENTIFIER = nwmissouri.edu.TableViewDemo;
				PRODUCT_NAME = "$(TARGET_NAME)";
				SWIFT_EMIT_LOC_STRINGS = YES;
				SWIFT_VERSION = 5.0;
				TARGETED_DEVICE_FAMILY = "1,2";
			};
			name = Release;
		};
		7B5009D129E84C4900D5EB22 /* Debug */ = {
			isa = XCBuildConfiguration;
			buildSettings = {
				ALWAYS_EMBED_SWIFT_STANDARD_LIBRARIES = YES;
				BUNDLE_LOADER = "$(TEST_HOST)";
				CODE_SIGN_STYLE = Automatic;
				CURRENT_PROJECT_VERSION = 1;
				GENERATE_INFOPLIST_FILE = YES;
				IPHONEOS_DEPLOYMENT_TARGET = 15.5;
				MARKETING_VERSION = 1.0;
				PRODUCT_BUNDLE_IDENTIFIER = nwmissouri.edu.TableViewDemoTests;
				PRODUCT_NAME = "$(TARGET_NAME)";
				SWIFT_EMIT_LOC_STRINGS = NO;
				SWIFT_VERSION = 5.0;
				TARGETED_DEVICE_FAMILY = "1,2";
				TEST_HOST = "$(BUILT_PRODUCTS_DIR)/TableViewDemo.app/TableViewDemo";
			};
			name = Debug;
		};
		7B5009D229E84C4900D5EB22 /* Release */ = {
			isa = XCBuildConfiguration;
			buildSettings = {
				ALWAYS_EMBED_SWIFT_STANDARD_LIBRARIES = YES;
				BUNDLE_LOADER = "$(TEST_HOST)";
				CODE_SIGN_STYLE = Automatic;
				CURRENT_PROJECT_VERSION = 1;
				GENERATE_INFOPLIST_FILE = YES;
				IPHONEOS_DEPLOYMENT_TARGET = 15.5;
				MARKETING_VERSION = 1.0;
				PRODUCT_BUNDLE_IDENTIFIER = nwmissouri.edu.TableViewDemoTests;
				PRODUCT_NAME = "$(TARGET_NAME)";
				SWIFT_EMIT_LOC_STRINGS = NO;
				SWIFT_VERSION = 5.0;
				TARGETED_DEVICE_FAMILY = "1,2";
				TEST_HOST = "$(BUILT_PRODUCTS_DIR)/TableViewDemo.app/TableViewDemo";
			};
			name = Release;
		};
		7B5009D429E84C4900D5EB22 /* Debug */ = {
			isa = XCBuildConfiguration;
			buildSettings = {
				ALWAYS_EMBED_SWIFT_STANDARD_LIBRARIES = YES;
				CODE_SIGN_STYLE = Automatic;
				CURRENT_PROJECT_VERSION = 1;
				GENERATE_INFOPLIST_FILE = YES;
				MARKETING_VERSION = 1.0;
				PRODUCT_BUNDLE_IDENTIFIER = nwmissouri.edu.TableViewDemoUITests;
				PRODUCT_NAME = "$(TARGET_NAME)";
				SWIFT_EMIT_LOC_STRINGS = NO;
				SWIFT_VERSION = 5.0;
				TARGETED_DEVICE_FAMILY = "1,2";
				TEST_TARGET_NAME = TableViewDemo;
			};
			name = Debug;
		};
		7B5009D529E84C4900D5EB22 /* Release */ = {
			isa = XCBuildConfiguration;
			buildSettings = {
				ALWAYS_EMBED_SWIFT_STANDARD_LIBRARIES = YES;
				CODE_SIGN_STYLE = Automatic;
				CURRENT_PROJECT_VERSION = 1;
				GENERATE_INFOPLIST_FILE = YES;
				MARKETING_VERSION = 1.0;
				PRODUCT_BUNDLE_IDENTIFIER = nwmissouri.edu.TableViewDemoUITests;
				PRODUCT_NAME = "$(TARGET_NAME)";
				SWIFT_EMIT_LOC_STRINGS = NO;
				SWIFT_VERSION = 5.0;
				TARGETED_DEVICE_FAMILY = "1,2";
				TEST_TARGET_NAME = TableViewDemo;
			};
			name = Release;
		};
/* End XCBuildConfiguration section */

/* Begin XCConfigurationList section */
		7B50099E29E84C4700D5EB22 /* Build configuration list for PBXProject "TableViewDemo" */ = {
			isa = XCConfigurationList;
			buildConfigurations = (
				7B5009CB29E84C4900D5EB22 /* Debug */,
				7B5009CC29E84C4900D5EB22 /* Release */,
			);
			defaultConfigurationIsVisible = 0;
			defaultConfigurationName = Release;
		};
		7B5009CD29E84C4900D5EB22 /* Build configuration list for PBXNativeTarget "TableViewDemo" */ = {
			isa = XCConfigurationList;
			buildConfigurations = (
				7B5009CE29E84C4900D5EB22 /* Debug */,
				7B5009CF29E84C4900D5EB22 /* Release */,
			);
			defaultConfigurationIsVisible = 0;
			defaultConfigurationName = Release;
		};
		7B5009D029E84C4900D5EB22 /* Build configuration list for PBXNativeTarget "TableViewDemoTests" */ = {
			isa = XCConfigurationList;
			buildConfigurations = (
				7B5009D129E84C4900D5EB22 /* Debug */,
				7B5009D229E84C4900D5EB22 /* Release */,
			);
			defaultConfigurationIsVisible = 0;
			defaultConfigurationName = Release;
		};
		7B5009D329E84C4900D5EB22 /* Build configuration list for PBXNativeTarget "TableViewDemoUITests" */ = {
			isa = XCConfigurationList;
			buildConfigurations = (
				7B5009D429E84C4900D5EB22 /* Debug */,
				7B5009D529E84C4900D5EB22 /* Release */,
			);
			defaultConfigurationIsVisible = 0;
			defaultConfigurationName = Release;
		};
/* End XCConfigurationList section */
	};
	rootObject = 7B50099B29E84C4700D5EB22 /* Project object */;
}
